
Microsoft Visual Studio Solution File, Format Version 12.00
# Visual Studio 15
VisualStudioVersion = 15.0.28307.539
MinimumVisualStudioVersion = 10.0.40219.1
Project("{FAE04EC0-301F-11D3-BF4B-00C04F79EFBC}") = "AssetManagementWeb", "AssetManagementWeb\AssetManagementWeb.csproj", "{AC3F10D9-E145-4D16-BC55-1B378AA7165D}"
EndProject
Project("{262852C6-CD72-467D-83FE-5EEB1973A190}") = "AssetManagementMobile", "..\AssetManagementMobile\AssetManagementMobile.jsproj", "{4EE780B8-07DF-4813-A18D-6F522514A9B6}"
EndProject
Global
	GlobalSection(SolutionConfigurationPlatforms) = preSolution
		Debug|Android = Debug|Android
		Debug|Any CPU = Debug|Any CPU
		Debug|iOS = Debug|iOS
		Debug|Windows-ARM = Debug|Windows-ARM
		Debug|Windows-x64 = Debug|Windows-x64
		Debug|Windows-x86 = Debug|Windows-x86
		Release|Android = Release|Android
		Release|Any CPU = Release|Any CPU
		Release|iOS = Release|iOS
		Release|Windows-ARM = Release|Windows-ARM
		Release|Windows-x64 = Release|Windows-x64
		Release|Windows-x86 = Release|Windows-x86
	EndGlobalSection
	GlobalSection(ProjectConfigurationPlatforms) = postSolution
		{AC3F10D9-E145-4D16-BC55-1B378AA7165D}.Debug|Android.ActiveCfg = Debug|Any CPU
		{AC3F10D9-E145-4D16-BC55-1B378AA7165D}.Debug|Android.Build.0 = Debug|Any CPU
		{AC3F10D9-E145-4D16-BC55-1B378AA7165D}.Debug|Any CPU.ActiveCfg = Debug|Any CPU
		{AC3F10D9-E145-4D16-BC55-1B378AA7165D}.Debug|Any CPU.Build.0 = Debug|Any CPU
		{AC3F10D9-E145-4D16-BC55-1B378AA7165D}.Debug|iOS.ActiveCfg = Debug|Any CPU
		{AC3F10D9-E145-4D16-BC55-1B378AA7165D}.Debug|iOS.Build.0 = Debug|Any CPU
		{AC3F10D9-E145-4D16-BC55-1B378AA7165D}.Debug|Windows-ARM.ActiveCfg = Debug|Any CPU
		{AC3F10D9-E145-4D16-BC55-1B378AA7165D}.Debug|Windows-ARM.Build.0 = Debug|Any CPU
		{AC3F10D9-E145-4D16-BC55-1B378AA7165D}.Debug|Windows-x64.ActiveCfg = Debug|Any CPU
		{AC3F10D9-E145-4D16-BC55-1B378AA7165D}.Debug|Windows-x64.Build.0 = Debug|Any CPU
		{AC3F10D9-E145-4D16-BC55-1B378AA7165D}.Debug|Windows-x86.ActiveCfg = Debug|Any CPU
		{AC3F10D9-E145-4D16-BC55-1B378AA7165D}.Debug|Windows-x86.Build.0 = Debug|Any CPU
		{AC3F10D9-E145-4D16-BC55-1B378AA7165D}.Release|Android.ActiveCfg = Release|Any CPU
		{AC3F10D9-E145-4D16-BC55-1B378AA7165D}.Release|Android.Build.0 = Release|Any CPU
		{AC3F10D9-E145-4D16-BC55-1B378AA7165D}.Release|Any CPU.ActiveCfg = Release|Any CPU
		{AC3F10D9-E145-4D16-BC55-1B378AA7165D}.Release|Any CPU.Build.0 = Release|Any CPU
		{AC3F10D9-E145-4D16-BC55-1B378AA7165D}.Release|iOS.ActiveCfg = Release|Any CPU
		{AC3F10D9-E145-4D16-BC55-1B378AA7165D}.Release|iOS.Build.0 = Release|Any CPU
		{AC3F10D9-E145-4D16-BC55-1B378AA7165D}.Release|Windows-ARM.ActiveCfg = Release|Any CPU
		{AC3F10D9-E145-4D16-BC55-1B378AA7165D}.Release|Windows-ARM.Build.0 = Release|Any CPU
		{AC3F10D9-E145-4D16-BC55-1B378AA7165D}.Release|Windows-x64.ActiveCfg = Release|Any CPU
		{AC3F10D9-E145-4D16-BC55-1B378AA7165D}.Release|Windows-x64.Build.0 = Release|Any CPU
		{AC3F10D9-E145-4D16-BC55-1B378AA7165D}.Release|Windows-x86.ActiveCfg = Release|Any CPU
		{AC3F10D9-E145-4D16-BC55-1B378AA7165D}.Release|Windows-x86.Build.0 = Release|Any CPU
		{4EE780B8-07DF-4813-A18D-6F522514A9B6}.Debug|Android.ActiveCfg = Debug|Android
		{4EE780B8-07DF-4813-A18D-6F522514A9B6}.Debug|Android.Build.0 = Debug|Android
		{4EE780B8-07DF-4813-A18D-6F522514A9B6}.Debug|Android.Deploy.0 = Debug|Android
		{4EE780B8-07DF-4813-A18D-6F522514A9B6}.Debug|Any CPU.ActiveCfg = Debug|Android
		{4EE780B8-07DF-4813-A18D-6F522514A9B6}.Debug|iOS.ActiveCfg = Debug|iOS
		{4EE780B8-07DF-4813-A18D-6F522514A9B6}.Debug|iOS.Build.0 = Debug|iOS
		{4EE780B8-07DF-4813-A18D-6F522514A9B6}.Debug|iOS.Deploy.0 = Debug|iOS
		{4EE780B8-07DF-4813-A18D-6F522514A9B6}.Debug|Windows-ARM.ActiveCfg = Debug|Windows-ARM
		{4EE780B8-07DF-4813-A18D-6F522514A9B6}.Debug|Windows-ARM.Build.0 = Debug|Windows-ARM
		{4EE780B8-07DF-4813-A18D-6F522514A9B6}.Debug|Windows-ARM.Deploy.0 = Debug|Windows-ARM
		{4EE780B8-07DF-4813-A18D-6F522514A9B6}.Debug|Windows-x64.ActiveCfg = Debug|Windows-x64
		{4EE780B8-07DF-4813-A18D-6F522514A9B6}.Debug|Windows-x64.Build.0 = Debug|Windows-x64
		{4EE780B8-07DF-4813-A18D-6F522514A9B6}.Debug|Windows-x64.Deploy.0 = Debug|Windows-x64
		{4EE780B8-07DF-4813-A18D-6F522514A9B6}.Debug|Windows-x86.ActiveCfg = Debug|Windows-x86
		{4EE780B8-07DF-4813-A18D-6F522514A9B6}.Debug|Windows-x86.Build.0 = Debug|Windows-x86
		{4EE780B8-07DF-4813-A18D-6F522514A9B6}.Debug|Windows-x86.Deploy.0 = Debug|Windows-x86
		{4EE780B8-07DF-4813-A18D-6F522514A9B6}.Release|Android.ActiveCfg = Release|Android
		{4EE780B8-07DF-4813-A18D-6F522514A9B6}.Release|Android.Build.0 = Release|Android
		{4EE780B8-07DF-4813-A18D-6F522514A9B6}.Release|Android.Deploy.0 = Release|Android
		{4EE780B8-07DF-4813-A18D-6F522514A9B6}.Release|Any CPU.ActiveCfg = Release|Android
		{4EE780B8-07DF-4813-A18D-6F522514A9B6}.Release|iOS.ActiveCfg = Release|iOS
		{4EE780B8-07DF-4813-A18D-6F522514A9B6}.Release|iOS.Build.0 = Release|iOS
		{4EE780B8-07DF-4813-A18D-6F522514A9B6}.Release|iOS.Deploy.0 = Release|iOS
		{4EE780B8-07DF-4813-A18D-6F522514A9B6}.Release|Windows-ARM.ActiveCfg = Release|Windows-ARM
		{4EE780B8-07DF-4813-A18D-6F522514A9B6}.Release|Windows-ARM.Build.0 = Release|Windows-ARM
		{4EE780B8-07DF-4813-A18D-6F522514A9B6}.Release|Windows-ARM.Deploy.0 = Release|Windows-ARM
		{4EE780B8-07DF-4813-A18D-6F522514A9B6}.Release|Windows-x64.ActiveCfg = Release|Windows-x64
		{4EE780B8-07DF-4813-A18D-6F522514A9B6}.Release|Windows-x64.Build.0 = Release|Windows-x64
		{4EE780B8-07DF-4813-A18D-6F522514A9B6}.Release|Windows-x64.Deploy.0 = Release|Windows-x64
		{4EE780B8-07DF-4813-A18D-6F522514A9B6}.Release|Windows-x86.ActiveCfg = Release|Windows-x86
		{4EE780B8-07DF-4813-A18D-6F522514A9B6}.Release|Windows-x86.Build.0 = Release|Windows-x86
		{4EE780B8-07DF-4813-A18D-6F522514A9B6}.Release|Windows-x86.Deploy.0 = Release|Windows-x86
	EndGlobalSection
	GlobalSection(SolutionProperties) = preSolution
		HideSolutionNode = FALSE
	EndGlobalSection
	GlobalSection(ExtensibilityGlobals) = postSolution
		SolutionGuid = {CA3C21D2-A446-4445-B1C1-632A44A8089B}
	EndGlobalSection
EndGlobal
